
Microsoft Visual Studio Solution File, Format Version 12.00
# Visual Studio Version 16
VisualStudioVersion = 16.0.31410.357
MinimumVisualStudioVersion = 10.0.40219.1
Project("{FAE04EC0-301F-11D3-BF4B-00C04F79EFBC}") = "Employer", "Employer\Employer.csproj", "{86555EBA-7A4B-4EC9-BF60-6D455701547A}"
EndProject
Global
	GlobalSection(SolutionConfigurationPlatforms) = preSolution
		Debug|Any CPU = Debug|Any CPU
		Release|Any CPU = Release|Any CPU
	EndGlobalSection
	GlobalSection(ProjectConfigurationPlatforms) = postSolution
		{86555EBA-7A4B-4EC9-BF60-6D455701547A}.Debug|Any CPU.ActiveCfg = Debug|Any CPU
		{86555EBA-7A4B-4EC9-BF60-6D455701547A}.Debug|Any CPU.Build.0 = Debug|Any CPU
		{86555EBA-7A4B-4EC9-BF60-6D455701547A}.Release|Any CPU.ActiveCfg = Release|Any CPU
		{86555EBA-7A4B-4EC9-BF60-6D455701547A}.Release|Any CPU.Build.0 = Release|Any CPU
	EndGlobalSection
	GlobalSection(SolutionProperties) = preSolution
		HideSolutionNode = FALSE
	EndGlobalSection
	GlobalSection(ExtensibilityGlobals) = postSolution
		SolutionGuid = {33BD165C-675F-4D3D-8799-F2C4ABCC6949}
	EndGlobalSection
EndGlobal
